// !$*UTF8*$!
{
	archiveVersion = 1;
	classes = {
	};
	objectVersion = 46;
	objects = {

/* Begin PBXBuildFile section */
		2105AE852020529B003DF0DE /* Theme.swift in Sources */ = {isa = PBXBuildFile; fileRef = 2105AE842020529B003DF0DE /* Theme.swift */; };
		2105AE87202054BF003DF0DE /* UIColor+BBase.swift in Sources */ = {isa = PBXBuildFile; fileRef = 2105AE86202054BF003DF0DE /* UIColor+BBase.swift */; };
		2105AE8920205599003DF0DE /* CGFloat+BBase.swift in Sources */ = {isa = PBXBuildFile; fileRef = 2105AE8820205599003DF0DE /* CGFloat+BBase.swift */; };
		2105AE8E202059F6003DF0DE /* Localizable.strings in Resources */ = {isa = PBXBuildFile; fileRef = 2105AE90202059F6003DF0DE /* Localizable.strings */; };
		2105AE94202063F9003DF0DE /* UIImage+BBase.swift in Sources */ = {isa = PBXBuildFile; fileRef = 2105AE93202063F9003DF0DE /* UIImage+BBase.swift */; };
		2105AE962020724C003DF0DE /* ThemeViewContoller.swift in Sources */ = {isa = PBXBuildFile; fileRef = 2105AE952020724C003DF0DE /* ThemeViewContoller.swift */; };
		210F2F281FAFF43D00A87AA6 /* LaunchViewModel.swift in Sources */ = {isa = PBXBuildFile; fileRef = 210F2F271FAFF43D00A87AA6 /* LaunchViewModel.swift */; };
		210F2F2A1FAFF5FD00A87AA6 /* UITextFiled+BBase.swift in Sources */ = {isa = PBXBuildFile; fileRef = 210F2F291FAFF5FD00A87AA6 /* UITextFiled+BBase.swift */; };
		210F2F2C1FAFF71D00A87AA6 /* Array+BBase.swift in Sources */ = {isa = PBXBuildFile; fileRef = 210F2F2B1FAFF71D00A87AA6 /* Array+BBase.swift */; };
		21180DA92021A2A100B77E40 /* FontCenter.swift in Sources */ = {isa = PBXBuildFile; fileRef = 21180DA82021A2A100B77E40 /* FontCenter.swift */; };
		21180DB02021C41A00B77E40 /* BAlert+NormalShow.swift in Sources */ = {isa = PBXBuildFile; fileRef = 21180DAB2021C41A00B77E40 /* BAlert+NormalShow.swift */; };
		21180DB12021C41A00B77E40 /* BAlert.swift in Sources */ = {isa = PBXBuildFile; fileRef = 21180DAC2021C41A00B77E40 /* BAlert.swift */; };
		21180DB22021C41A00B77E40 /* BAlertConfig.swift in Sources */ = {isa = PBXBuildFile; fileRef = 21180DAD2021C41A00B77E40 /* BAlertConfig.swift */; };
		21180DB32021C41A00B77E40 /* BAlertWindow.swift in Sources */ = {isa = PBXBuildFile; fileRef = 21180DAE2021C41A00B77E40 /* BAlertWindow.swift */; };
		21180DB42021C41A00B77E40 /* UIView+BAlert.swift in Sources */ = {isa = PBXBuildFile; fileRef = 21180DAF2021C41A00B77E40 /* UIView+BAlert.swift */; };
		211B4EA01FBEA5060033C793 /* UserDefaults+BBase.swift in Sources */ = {isa = PBXBuildFile; fileRef = 211B4E9F1FBEA5060033C793 /* UserDefaults+BBase.swift */; };
		2127E26E2022F87600589212 /* RightViewController.swift in Sources */ = {isa = PBXBuildFile; fileRef = 2127E26D2022F87600589212 /* RightViewController.swift */; };
		212C0FE91FCFADD60044EA6C /* MainViewModel.swift in Sources */ = {isa = PBXBuildFile; fileRef = 212C0FE81FCFADD60044EA6C /* MainViewModel.swift */; };
		212C0FEB1FCFB24C0044EA6C /* MainTableViewCell.swift in Sources */ = {isa = PBXBuildFile; fileRef = 212C0FEA1FCFB24C0044EA6C /* MainTableViewCell.swift */; };
		212C0FED1FCFB27B0044EA6C /* BBaseTableViewCell.swift in Sources */ = {isa = PBXBuildFile; fileRef = 212C0FEC1FCFB27B0044EA6C /* BBaseTableViewCell.swift */; };
		212C0FF31FD114990044EA6C /* DeptModel.swift in Sources */ = {isa = PBXBuildFile; fileRef = 212C0FF21FD114990044EA6C /* DeptModel.swift */; };
		212C0FF51FD1161B0044EA6C /* LeftDeptTableViewCell.swift in Sources */ = {isa = PBXBuildFile; fileRef = 212C0FF41FD1161B0044EA6C /* LeftDeptTableViewCell.swift */; };
		212C0FF71FD11AB20044EA6C /* LeftMemuViewModel.swift in Sources */ = {isa = PBXBuildFile; fileRef = 212C0FF61FD11AB20044EA6C /* LeftMemuViewModel.swift */; };
		212C0FFD1FD1558B0044EA6C /* UIDevice+BBase.swift in Sources */ = {isa = PBXBuildFile; fileRef = 212C0FFC1FD1558B0044EA6C /* UIDevice+BBase.swift */; };
		212CE1141FDE5FC600E786E8 /* pinyin.c in Sources */ = {isa = PBXBuildFile; fileRef = 212CE1121FDE5FC600E786E8 /* pinyin.c */; };
		212CE1911FE38C6800E786E8 /* RightMenuView.swift in Sources */ = {isa = PBXBuildFile; fileRef = 212CE1901FE38C6800E786E8 /* RightMenuView.swift */; };
		2134596C200C3B8C00D41CF9 /* FontViewController.swift in Sources */ = {isa = PBXBuildFile; fileRef = 2134596B200C3B8C00D41CF9 /* FontViewController.swift */; };
		2134596E200C3C8000D41CF9 /* UserSettingModel.swift in Sources */ = {isa = PBXBuildFile; fileRef = 2134596D200C3C8000D41CF9 /* UserSettingModel.swift */; };
		213CD4301FAB0A90004A5E8F /* UserModel.swift in Sources */ = {isa = PBXBuildFile; fileRef = 213CD42F1FAB0A90004A5E8F /* UserModel.swift */; };
		213FF3662015D1B5002B1D2D /* FontTableViewCell.swift in Sources */ = {isa = PBXBuildFile; fileRef = 213FF3652015D1B5002B1D2D /* FontTableViewCell.swift */; };
		215AFAD91FC2BC0400D6BD59 /* AppLoginHelper.swift in Sources */ = {isa = PBXBuildFile; fileRef = 215AFAD81FC2BC0400D6BD59 /* AppLoginHelper.swift */; };
		215AFADB1FC2C43C00D6BD59 /* TelBookModel.swift in Sources */ = {isa = PBXBuildFile; fileRef = 215AFADA1FC2C43C00D6BD59 /* TelBookModel.swift */; };
		215BEF2B1FBC314B007BB452 /* MainViewController.swift in Sources */ = {isa = PBXBuildFile; fileRef = 215BEF2A1FBC314B007BB452 /* MainViewController.swift */; };
		215BEF2E1FBC3577007BB452 /* BSlideMenuViewController.swift in Sources */ = {isa = PBXBuildFile; fileRef = 215BEF2D1FBC3577007BB452 /* BSlideMenuViewController.swift */; };
		215BEF301FBC4590007BB452 /* LeftMenuViewController.swift in Sources */ = {isa = PBXBuildFile; fileRef = 215BEF2F1FBC4590007BB452 /* LeftMenuViewController.swift */; };
		21B10DE31FB04AD6006257F2 /* HandyJSON+BRXModel.swift in Sources */ = {isa = PBXBuildFile; fileRef = 21B10DE21FB04AD6006257F2 /* HandyJSON+BRXModel.swift */; };
		21B10DE51FB04BA0006257F2 /* BMoyaNetWorkingManager.swift in Sources */ = {isa = PBXBuildFile; fileRef = 21B10DE41FB04BA0006257F2 /* BMoyaNetWorkingManager.swift */; };
		21B10DE71FB04BC8006257F2 /* APPAPIManager.swift in Sources */ = {isa = PBXBuildFile; fileRef = 21B10DE61FB04BC8006257F2 /* APPAPIManager.swift */; };
		21B10DEA1FB062A5006257F2 /* BNetWokingBase.swift in Sources */ = {isa = PBXBuildFile; fileRef = 21B10DE91FB062A5006257F2 /* BNetWokingBase.swift */; };
		21CBAE2A1FBEE299007E4446 /* UIViewController+BSlider.swift in Sources */ = {isa = PBXBuildFile; fileRef = 21CBAE291FBEE299007E4446 /* UIViewController+BSlider.swift */; };
		21CC634D1FA7294300B8E491 /* AppDelegate.swift in Sources */ = {isa = PBXBuildFile; fileRef = 21CC634C1FA7294300B8E491 /* AppDelegate.swift */; };
		21CC634F1FA7294300B8E491 /* ViewController.swift in Sources */ = {isa = PBXBuildFile; fileRef = 21CC634E1FA7294300B8E491 /* ViewController.swift */; };
		21CC63521FA7294300B8E491 /* Main.storyboard in Resources */ = {isa = PBXBuildFile; fileRef = 21CC63501FA7294300B8E491 /* Main.storyboard */; };
		21CC63541FA7294300B8E491 /* Assets.xcassets in Resources */ = {isa = PBXBuildFile; fileRef = 21CC63531FA7294300B8E491 /* Assets.xcassets */; };
		21CC63571FA7294300B8E491 /* LaunchScreen.storyboard in Resources */ = {isa = PBXBuildFile; fileRef = 21CC63551FA7294300B8E491 /* LaunchScreen.storyboard */; };
		21CC63671FA803A800B8E491 /* BBaseNavigationViewController.swift in Sources */ = {isa = PBXBuildFile; fileRef = 21CC63611FA803A800B8E491 /* BBaseNavigationViewController.swift */; };
		21CC63681FA803A800B8E491 /* BBaseViewController.swift in Sources */ = {isa = PBXBuildFile; fileRef = 21CC63621FA803A800B8E491 /* BBaseViewController.swift */; };
		21CC63691FA803A800B8E491 /* UIView+BBase.swift in Sources */ = {isa = PBXBuildFile; fileRef = 21CC63651FA803A800B8E491 /* UIView+BBase.swift */; };
		21CC636B1FA805F200B8E491 /* LaunchViewController.swift in Sources */ = {isa = PBXBuildFile; fileRef = 21CC636A1FA805F200B8E491 /* LaunchViewController.swift */; };
		21CC63751FA80BEE00B8E491 /* BBaseConstant.swift in Sources */ = {isa = PBXBuildFile; fileRef = 21CC63741FA80BEE00B8E491 /* BBaseConstant.swift */; };
		21CC637F1FA82D6400B8E491 /* BNetWorkingManager.swift in Sources */ = {isa = PBXBuildFile; fileRef = 21CC637E1FA82D6400B8E491 /* BNetWorkingManager.swift */; };
		21CC63921FA83B2B00B8E491 /* BHudContentView.m in Sources */ = {isa = PBXBuildFile; fileRef = 21CC63821FA83B2B00B8E491 /* BHudContentView.m */; };
		21CC63931FA83B2B00B8E491 /* BHudView.m in Sources */ = {isa = PBXBuildFile; fileRef = 21CC63841FA83B2B00B8E491 /* BHudView.m */; };
		21CC63941FA83B2B00B8E491 /* BCircleLoadingView.m in Sources */ = {isa = PBXBuildFile; fileRef = 21CC63871FA83B2B00B8E491 /* BCircleLoadingView.m */; };
		21CC63951FA83B2B00B8E491 /* BFchView.m in Sources */ = {isa = PBXBuildFile; fileRef = 21CC63891FA83B2B00B8E491 /* BFchView.m */; };
		21CC63961FA83B2B00B8E491 /* BJumpingBarView.m in Sources */ = {isa = PBXBuildFile; fileRef = 21CC638B1FA83B2B00B8E491 /* BJumpingBarView.m */; };
		21CC63971FA83B2B00B8E491 /* BLaunchBarView.m in Sources */ = {isa = PBXBuildFile; fileRef = 21CC638D1FA83B2B00B8E491 /* BLaunchBarView.m */; };
		21CC63981FA83B2B00B8E491 /* img_network_error.png in Resources */ = {isa = PBXBuildFile; fileRef = 21CC638F1FA83B2B00B8E491 /* img_network_error.png */; };
		21CC63991FA83B2B00B8E491 /* UILabel+BAnimation.m in Sources */ = {isa = PBXBuildFile; fileRef = 21CC63911FA83B2B00B8E491 /* UILabel+BAnimation.m */; };
		21CC639D1FA9AE5500B8E491 /* String+BBase.swift in Sources */ = {isa = PBXBuildFile; fileRef = 21CC639C1FA9AE5500B8E491 /* String+BBase.swift */; };
		21D1B0C41FC3DA55002E4357 /* TimeTelBookModel.swift in Sources */ = {isa = PBXBuildFile; fileRef = 21D1B0C31FC3DA55002E4357 /* TimeTelBookModel.swift */; };
		21D1B0C81FC3E795002E4357 /* AppModel.swift in Sources */ = {isa = PBXBuildFile; fileRef = 21D1B0C71FC3E795002E4357 /* AppModel.swift */; };
		21D1B0CB1FC50F23002E4357 /* BDateTool.swift in Sources */ = {isa = PBXBuildFile; fileRef = 21D1B0CA1FC50F23002E4357 /* BDateTool.swift */; };
		21D1B0CD1FC53999002E4357 /* DBHelper.swift in Sources */ = {isa = PBXBuildFile; fileRef = 21D1B0CC1FC53999002E4357 /* DBHelper.swift */; };
		21D1B0CF1FC54470002E4357 /* PersonModel.swift in Sources */ = {isa = PBXBuildFile; fileRef = 21D1B0CE1FC54470002E4357 /* PersonModel.swift */; };
		21D965EA1FECAE120089D12E /* RightMenuViewTableViewCell.swift in Sources */ = {isa = PBXBuildFile; fileRef = 21D965E91FECAE120089D12E /* RightMenuViewTableViewCell.swift */; };
		21D965EE1FECD2340089D12E /* SettingViewController.swift in Sources */ = {isa = PBXBuildFile; fileRef = 21D965ED1FECD2340089D12E /* SettingViewController.swift */; };
		21F0E57D1FF2462D002AA057 /* SettingTableViewCell.swift in Sources */ = {isa = PBXBuildFile; fileRef = 21F0E57C1FF2462D002AA057 /* SettingTableViewCell.swift */; };
		21F0E57F1FF24673002AA057 /* SettingViewModel.swift in Sources */ = {isa = PBXBuildFile; fileRef = 21F0E57E1FF24673002AA057 /* SettingViewModel.swift */; };
		3AB90C5C3DA5860E446F4CD3 /* Pods_Fch_Contact.framework in Frameworks */ = {isa = PBXBuildFile; fileRef = 651D7A5CAE649D92089810FE /* Pods_Fch_Contact.framework */; };
/* End PBXBuildFile section */

/* Begin PBXFileReference section */
		1ACC8DA08CD14DB85409BD70 /* Pods-Fch_Contact.release.xcconfig */ = {isa = PBXFileReference; includeInIndex = 1; lastKnownFileType = text.xcconfig; name = "Pods-Fch_Contact.release.xcconfig"; path = "Pods/Target Support Files/Pods-Fch_Contact/Pods-Fch_Contact.release.xcconfig"; sourceTree = "<group>"; };
		2105AE842020529B003DF0DE /* Theme.swift */ = {isa = PBXFileReference; lastKnownFileType = sourcecode.swift; path = Theme.swift; sourceTree = "<group>"; };
		2105AE86202054BF003DF0DE /* UIColor+BBase.swift */ = {isa = PBXFileReference; lastKnownFileType = sourcecode.swift; path = "UIColor+BBase.swift"; sourceTree = "<group>"; };
		2105AE8820205599003DF0DE /* CGFloat+BBase.swift */ = {isa = PBXFileReference; lastKnownFileType = sourcecode.swift; path = "CGFloat+BBase.swift"; sourceTree = "<group>"; };
		2105AE8A20205801003DF0DE /* zh-Hans */ = {isa = PBXFileReference; lastKnownFileType = text.plist.strings; name = "zh-Hans"; path = "zh-Hans.lproj/Main.strings"; sourceTree = "<group>"; };
		2105AE8B20205801003DF0DE /* zh-Hans */ = {isa = PBXFileReference; lastKnownFileType = text.plist.strings; name = "zh-Hans"; path = "zh-Hans.lproj/LaunchScreen.strings"; sourceTree = "<group>"; };
		2105AE8F202059F6003DF0DE /* en */ = {isa = PBXFileReference; lastKnownFileType = text.plist.strings; name = en; path = en.lproj/Localizable.strings; sourceTree = "<group>"; };
		2105AE91202059F8003DF0DE /* zh-Hans */ = {isa = PBXFileReference; lastKnownFileType = text.plist.strings; name = "zh-Hans"; path = "zh-Hans.lproj/Localizable.strings"; sourceTree = "<group>"; };
		2105AE93202063F9003DF0DE /* UIImage+BBase.swift */ = {isa = PBXFileReference; lastKnownFileType = sourcecode.swift; path = "UIImage+BBase.swift"; sourceTree = "<group>"; };
		2105AE952020724C003DF0DE /* ThemeViewContoller.swift */ = {isa = PBXFileReference; lastKnownFileType = sourcecode.swift; path = ThemeViewContoller.swift; sourceTree = "<group>"; };
		210F2F271FAFF43D00A87AA6 /* LaunchViewModel.swift */ = {isa = PBXFileReference; lastKnownFileType = sourcecode.swift; path = LaunchViewModel.swift; sourceTree = "<group>"; };
		210F2F291FAFF5FD00A87AA6 /* UITextFiled+BBase.swift */ = {isa = PBXFileReference; lastKnownFileType = sourcecode.swift; path = "UITextFiled+BBase.swift"; sourceTree = "<group>"; };
		210F2F2B1FAFF71D00A87AA6 /* Array+BBase.swift */ = {isa = PBXFileReference; lastKnownFileType = sourcecode.swift; path = "Array+BBase.swift"; sourceTree = "<group>"; };
		21180DA82021A2A100B77E40 /* FontCenter.swift */ = {isa = PBXFileReference; lastKnownFileType = sourcecode.swift; path = FontCenter.swift; sourceTree = "<group>"; };
		21180DAB2021C41A00B77E40 /* BAlert+NormalShow.swift */ = {isa = PBXFileReference; fileEncoding = 4; lastKnownFileType = sourcecode.swift; path = "BAlert+NormalShow.swift"; sourceTree = "<group>"; };
		21180DAC2021C41A00B77E40 /* BAlert.swift */ = {isa = PBXFileReference; fileEncoding = 4; lastKnownFileType = sourcecode.swift; path = BAlert.swift; sourceTree = "<group>"; };
		21180DAD2021C41A00B77E40 /* BAlertConfig.swift */ = {isa = PBXFileReference; fileEncoding = 4; lastKnownFileType = sourcecode.swift; path = BAlertConfig.swift; sourceTree = "<group>"; };
		21180DAE2021C41A00B77E40 /* BAlertWindow.swift */ = {isa = PBXFileReference; fileEncoding = 4; lastKnownFileType = sourcecode.swift; path = BAlertWindow.swift; sourceTree = "<group>"; };
		21180DAF2021C41A00B77E40 /* UIView+BAlert.swift */ = {isa = PBXFileReference; fileEncoding = 4; lastKnownFileType = sourcecode.swift; path = "UIView+BAlert.swift"; sourceTree = "<group>"; };
		211B4E9F1FBEA5060033C793 /* UserDefaults+BBase.swift */ = {isa = PBXFileReference; lastKnownFileType = sourcecode.swift; path = "UserDefaults+BBase.swift"; sourceTree = "<group>"; };
		2127E26D2022F87600589212 /* RightViewController.swift */ = {isa = PBXFileReference; lastKnownFileType = sourcecode.swift; path = RightViewController.swift; sourceTree = "<group>"; };
		212C0FE81FCFADD60044EA6C /* MainViewModel.swift */ = {isa = PBXFileReference; lastKnownFileType = sourcecode.swift; path = MainViewModel.swift; sourceTree = "<group>"; };
		212C0FEA1FCFB24C0044EA6C /* MainTableViewCell.swift */ = {isa = PBXFileReference; lastKnownFileType = sourcecode.swift; path = MainTableViewCell.swift; sourceTree = "<group>"; };
		212C0FEC1FCFB27B0044EA6C /* BBaseTableViewCell.swift */ = {isa = PBXFileReference; lastKnownFileType = sourcecode.swift; path = BBaseTableViewCell.swift; sourceTree = "<group>"; };
		212C0FF21FD114990044EA6C /* DeptModel.swift */ = {isa = PBXFileReference; lastKnownFileType = sourcecode.swift; path = DeptModel.swift; sourceTree = "<group>"; };
		212C0FF41FD1161B0044EA6C /* LeftDeptTableViewCell.swift */ = {isa = PBXFileReference; lastKnownFileType = sourcecode.swift; path = LeftDeptTableViewCell.swift; sourceTree = "<group>"; };
		212C0FF61FD11AB20044EA6C /* LeftMemuViewModel.swift */ = {isa = PBXFileReference; lastKnownFileType = sourcecode.swift; path = LeftMemuViewModel.swift; sourceTree = "<group>"; };
		212C0FFC1FD1558B0044EA6C /* UIDevice+BBase.swift */ = {isa = PBXFileReference; lastKnownFileType = sourcecode.swift; path = "UIDevice+BBase.swift"; sourceTree = "<group>"; };
		212CE1121FDE5FC600E786E8 /* pinyin.c */ = {isa = PBXFileReference; fileEncoding = 4; lastKnownFileType = sourcecode.c.c; path = pinyin.c; sourceTree = "<group>"; };
		212CE1131FDE5FC600E786E8 /* pinyin.h */ = {isa = PBXFileReference; fileEncoding = 4; lastKnownFileType = sourcecode.c.h; path = pinyin.h; sourceTree = "<group>"; };
		212CE1901FE38C6800E786E8 /* RightMenuView.swift */ = {isa = PBXFileReference; lastKnownFileType = sourcecode.swift; path = RightMenuView.swift; sourceTree = "<group>"; };
		2134596B200C3B8C00D41CF9 /* FontViewController.swift */ = {isa = PBXFileReference; lastKnownFileType = sourcecode.swift; path = FontViewController.swift; sourceTree = "<group>"; };
		2134596D200C3C8000D41CF9 /* UserSettingModel.swift */ = {isa = PBXFileReference; lastKnownFileType = sourcecode.swift; path = UserSettingModel.swift; sourceTree = "<group>"; };
		213CD42F1FAB0A90004A5E8F /* UserModel.swift */ = {isa = PBXFileReference; lastKnownFileType = sourcecode.swift; path = UserModel.swift; sourceTree = "<group>"; };
		213FF3652015D1B5002B1D2D /* FontTableViewCell.swift */ = {isa = PBXFileReference; lastKnownFileType = sourcecode.swift; path = FontTableViewCell.swift; sourceTree = "<group>"; };
		215AFAD81FC2BC0400D6BD59 /* AppLoginHelper.swift */ = {isa = PBXFileReference; lastKnownFileType = sourcecode.swift; path = AppLoginHelper.swift; sourceTree = "<group>"; };
		215AFADA1FC2C43C00D6BD59 /* TelBookModel.swift */ = {isa = PBXFileReference; lastKnownFileType = sourcecode.swift; path = TelBookModel.swift; sourceTree = "<group>"; };
		215BEF2A1FBC314B007BB452 /* MainViewController.swift */ = {isa = PBXFileReference; lastKnownFileType = sourcecode.swift; path = MainViewController.swift; sourceTree = "<group>"; };
		215BEF2D1FBC3577007BB452 /* BSlideMenuViewController.swift */ = {isa = PBXFileReference; lastKnownFileType = sourcecode.swift; path = BSlideMenuViewController.swift; sourceTree = "<group>"; };
		215BEF2F1FBC4590007BB452 /* LeftMenuViewController.swift */ = {isa = PBXFileReference; lastKnownFileType = sourcecode.swift; path = LeftMenuViewController.swift; sourceTree = "<group>"; };
		21B10DE21FB04AD6006257F2 /* HandyJSON+BRXModel.swift */ = {isa = PBXFileReference; lastKnownFileType = sourcecode.swift; path = "HandyJSON+BRXModel.swift"; sourceTree = "<group>"; };
		21B10DE41FB04BA0006257F2 /* BMoyaNetWorkingManager.swift */ = {isa = PBXFileReference; lastKnownFileType = sourcecode.swift; path = BMoyaNetWorkingManager.swift; sourceTree = "<group>"; };
		21B10DE61FB04BC8006257F2 /* APPAPIManager.swift */ = {isa = PBXFileReference; lastKnownFileType = sourcecode.swift; path = APPAPIManager.swift; sourceTree = "<group>"; };
		21B10DE91FB062A5006257F2 /* BNetWokingBase.swift */ = {isa = PBXFileReference; lastKnownFileType = sourcecode.swift; path = BNetWokingBase.swift; sourceTree = "<group>"; };
		21CBAE291FBEE299007E4446 /* UIViewController+BSlider.swift */ = {isa = PBXFileReference; lastKnownFileType = sourcecode.swift; path = "UIViewController+BSlider.swift"; sourceTree = "<group>"; };
		21CC63491FA7294300B8E491 /* Fch_Contact.app */ = {isa = PBXFileReference; explicitFileType = wrapper.application; includeInIndex = 0; path = Fch_Contact.app; sourceTree = BUILT_PRODUCTS_DIR; };
		21CC634C1FA7294300B8E491 /* AppDelegate.swift */ = {isa = PBXFileReference; lastKnownFileType = sourcecode.swift; path = AppDelegate.swift; sourceTree = "<group>"; };
		21CC634E1FA7294300B8E491 /* ViewController.swift */ = {isa = PBXFileReference; lastKnownFileType = sourcecode.swift; path = ViewController.swift; sourceTree = "<group>"; };
		21CC63511FA7294300B8E491 /* Base */ = {isa = PBXFileReference; lastKnownFileType = file.storyboard; name = Base; path = Base.lproj/Main.storyboard; sourceTree = "<group>"; };
		21CC63531FA7294300B8E491 /* Assets.xcassets */ = {isa = PBXFileReference; lastKnownFileType = folder.assetcatalog; path = Assets.xcassets; sourceTree = "<group>"; };
		21CC63561FA7294300B8E491 /* Base */ = {isa = PBXFileReference; lastKnownFileType = file.storyboard; name = Base; path = Base.lproj/LaunchScreen.storyboard; sourceTree = "<group>"; };
		21CC63581FA7294300B8E491 /* Info.plist */ = {isa = PBXFileReference; lastKnownFileType = text.plist.xml; path = Info.plist; sourceTree = "<group>"; };
		21CC63611FA803A800B8E491 /* BBaseNavigationViewController.swift */ = {isa = PBXFileReference; fileEncoding = 4; lastKnownFileType = sourcecode.swift; path = BBaseNavigationViewController.swift; sourceTree = "<group>"; };
		21CC63621FA803A800B8E491 /* BBaseViewController.swift */ = {isa = PBXFileReference; fileEncoding = 4; lastKnownFileType = sourcecode.swift; path = BBaseViewController.swift; sourceTree = "<group>"; };
		21CC63651FA803A800B8E491 /* UIView+BBase.swift */ = {isa = PBXFileReference; fileEncoding = 4; lastKnownFileType = sourcecode.swift; path = "UIView+BBase.swift"; sourceTree = "<group>"; };
		21CC636A1FA805F200B8E491 /* LaunchViewController.swift */ = {isa = PBXFileReference; fileEncoding = 4; lastKnownFileType = sourcecode.swift; path = LaunchViewController.swift; sourceTree = "<group>"; };
		21CC63741FA80BEE00B8E491 /* BBaseConstant.swift */ = {isa = PBXFileReference; fileEncoding = 4; lastKnownFileType = sourcecode.swift; path = BBaseConstant.swift; sourceTree = "<group>"; };
		21CC637E1FA82D6400B8E491 /* BNetWorkingManager.swift */ = {isa = PBXFileReference; fileEncoding = 4; lastKnownFileType = sourcecode.swift; path = BNetWorkingManager.swift; sourceTree = "<group>"; };
		21CC63811FA83B2B00B8E491 /* BHudContentView.h */ = {isa = PBXFileReference; fileEncoding = 4; lastKnownFileType = sourcecode.c.h; path = BHudContentView.h; sourceTree = "<group>"; };
		21CC63821FA83B2B00B8E491 /* BHudContentView.m */ = {isa = PBXFileReference; fileEncoding = 4; lastKnownFileType = sourcecode.c.objc; path = BHudContentView.m; sourceTree = "<group>"; };
		21CC63831FA83B2B00B8E491 /* BHudView.h */ = {isa = PBXFileReference; fileEncoding = 4; lastKnownFileType = sourcecode.c.h; path = BHudView.h; sourceTree = "<group>"; };
		21CC63841FA83B2B00B8E491 /* BHudView.m */ = {isa = PBXFileReference; fileEncoding = 4; lastKnownFileType = sourcecode.c.objc; path = BHudView.m; sourceTree = "<group>"; };
		21CC63861FA83B2B00B8E491 /* BCircleLoadingView.h */ = {isa = PBXFileReference; fileEncoding = 4; lastKnownFileType = sourcecode.c.h; path = BCircleLoadingView.h; sourceTree = "<group>"; };
		21CC63871FA83B2B00B8E491 /* BCircleLoadingView.m */ = {isa = PBXFileReference; fileEncoding = 4; lastKnownFileType = sourcecode.c.objc; path = BCircleLoadingView.m; sourceTree = "<group>"; };
		21CC63881FA83B2B00B8E491 /* BFchView.h */ = {isa = PBXFileReference; fileEncoding = 4; lastKnownFileType = sourcecode.c.h; path = BFchView.h; sourceTree = "<group>"; };
		21CC63891FA83B2B00B8E491 /* BFchView.m */ = {isa = PBXFileReference; fileEncoding = 4; lastKnownFileType = sourcecode.c.objc; path = BFchView.m; sourceTree = "<group>"; };
		21CC638A1FA83B2B00B8E491 /* BJumpingBarView.h */ = {isa = PBXFileReference; fileEncoding = 4; lastKnownFileType = sourcecode.c.h; path = BJumpingBarView.h; sourceTree = "<group>"; };
		21CC638B1FA83B2B00B8E491 /* BJumpingBarView.m */ = {isa = PBXFileReference; fileEncoding = 4; lastKnownFileType = sourcecode.c.objc; path = BJumpingBarView.m; sourceTree = "<group>"; };
		21CC638C1FA83B2B00B8E491 /* BLaunchBarView.h */ = {isa = PBXFileReference; fileEncoding = 4; lastKnownFileType = sourcecode.c.h; path = BLaunchBarView.h; sourceTree = "<group>"; };
		21CC638D1FA83B2B00B8E491 /* BLaunchBarView.m */ = {isa = PBXFileReference; fileEncoding = 4; lastKnownFileType = sourcecode.c.objc; path = BLaunchBarView.m; sourceTree = "<group>"; };
		21CC638F1FA83B2B00B8E491 /* img_network_error.png */ = {isa = PBXFileReference; lastKnownFileType = image.png; path = img_network_error.png; sourceTree = "<group>"; };
		21CC63901FA83B2B00B8E491 /* UILabel+BAnimation.h */ = {isa = PBXFileReference; fileEncoding = 4; lastKnownFileType = sourcecode.c.h; path = "UILabel+BAnimation.h"; sourceTree = "<group>"; };
		21CC63911FA83B2B00B8E491 /* UILabel+BAnimation.m */ = {isa = PBXFileReference; fileEncoding = 4; lastKnownFileType = sourcecode.c.objc; path = "UILabel+BAnimation.m"; sourceTree = "<group>"; };
		21CC639C1FA9AE5500B8E491 /* String+BBase.swift */ = {isa = PBXFileReference; fileEncoding = 4; lastKnownFileType = sourcecode.swift; path = "String+BBase.swift"; sourceTree = "<group>"; };
		21CC63A31FA9B11600B8E491 /* OC-Swift-Header.h */ = {isa = PBXFileReference; lastKnownFileType = sourcecode.c.h; path = "OC-Swift-Header.h"; sourceTree = "<group>"; };
		21D1B0C31FC3DA55002E4357 /* TimeTelBookModel.swift */ = {isa = PBXFileReference; lastKnownFileType = sourcecode.swift; path = TimeTelBookModel.swift; sourceTree = "<group>"; };
		21D1B0C71FC3E795002E4357 /* AppModel.swift */ = {isa = PBXFileReference; lastKnownFileType = sourcecode.swift; path = AppModel.swift; sourceTree = "<group>"; };
		21D1B0C91FC4231B002E4357 /* Fch_Contact.entitlements */ = {isa = PBXFileReference; lastKnownFileType = text.plist.entitlements; path = Fch_Contact.entitlements; sourceTree = "<group>"; };
		21D1B0CA1FC50F23002E4357 /* BDateTool.swift */ = {isa = PBXFileReference; lastKnownFileType = sourcecode.swift; path = BDateTool.swift; sourceTree = "<group>"; };
		21D1B0CC1FC53999002E4357 /* DBHelper.swift */ = {isa = PBXFileReference; lastKnownFileType = sourcecode.swift; path = DBHelper.swift; sourceTree = "<group>"; };
		21D1B0CE1FC54470002E4357 /* PersonModel.swift */ = {isa = PBXFileReference; lastKnownFileType = sourcecode.swift; path = PersonModel.swift; sourceTree = "<group>"; };
		21D965E91FECAE120089D12E /* RightMenuViewTableViewCell.swift */ = {isa = PBXFileReference; lastKnownFileType = sourcecode.swift; path = RightMenuViewTableViewCell.swift; sourceTree = "<group>"; };
		21D965ED1FECD2340089D12E /* SettingViewController.swift */ = {isa = PBXFileReference; lastKnownFileType = sourcecode.swift; path = SettingViewController.swift; sourceTree = "<group>"; };
		21F0E57C1FF2462D002AA057 /* SettingTableViewCell.swift */ = {isa = PBXFileReference; lastKnownFileType = sourcecode.swift; path = SettingTableViewCell.swift; sourceTree = "<group>"; };
		21F0E57E1FF24673002AA057 /* SettingViewModel.swift */ = {isa = PBXFileReference; lastKnownFileType = sourcecode.swift; path = SettingViewModel.swift; sourceTree = "<group>"; };
		402F35785043CE5C78CF273B /* Pods-Fch_Contact.debug.xcconfig */ = {isa = PBXFileReference; includeInIndex = 1; lastKnownFileType = text.xcconfig; name = "Pods-Fch_Contact.debug.xcconfig"; path = "Pods/Target Support Files/Pods-Fch_Contact/Pods-Fch_Contact.debug.xcconfig"; sourceTree = "<group>"; };
		651D7A5CAE649D92089810FE /* Pods_Fch_Contact.framework */ = {isa = PBXFileReference; explicitFileType = wrapper.framework; includeInIndex = 0; path = Pods_Fch_Contact.framework; sourceTree = BUILT_PRODUCTS_DIR; };
/* End PBXFileReference section */

/* Begin PBXFrameworksBuildPhase section */
		21CC63461FA7294300B8E491 /* Frameworks */ = {
			isa = PBXFrameworksBuildPhase;
			buildActionMask = 2147483647;
			files = (
				3AB90C5C3DA5860E446F4CD3 /* Pods_Fch_Contact.framework in Frameworks */,
			);
			runOnlyForDeploymentPostprocessing = 0;
		};
/* End PBXFrameworksBuildPhase section */

/* Begin PBXGroup section */
		210F2F231FAFF38D00A87AA6 /* AppClasses */ = {
			isa = PBXGroup;
			children = (
				215AFAD71FC2BB8700D6BD59 /* AppToolBox */,
				210F2F261FAFF41400A87AA6 /* ViewController */,
				210F2F251FAFF3F500A87AA6 /* View */,
				210F2F241FAFF3DE00A87AA6 /* ViewModel */,
				213CD42B1FAB0A32004A5E8F /* Model */,
			);
			path = AppClasses;
			sourceTree = "<group>";
		};
		210F2F241FAFF3DE00A87AA6 /* ViewModel */ = {
			isa = PBXGroup;
			children = (
				210F2F271FAFF43D00A87AA6 /* LaunchViewModel.swift */,
				212C0FE81FCFADD60044EA6C /* MainViewModel.swift */,
				212C0FF61FD11AB20044EA6C /* LeftMemuViewModel.swift */,
				21F0E57E1FF24673002AA057 /* SettingViewModel.swift */,
			);
			path = ViewModel;
			sourceTree = "<group>";
		};
		210F2F251FAFF3F500A87AA6 /* View */ = {
			isa = PBXGroup;
			children = (
				212C0FEA1FCFB24C0044EA6C /* MainTableViewCell.swift */,
				212C0FF41FD1161B0044EA6C /* LeftDeptTableViewCell.swift */,
				212CE1901FE38C6800E786E8 /* RightMenuView.swift */,
				21D965E91FECAE120089D12E /* RightMenuViewTableViewCell.swift */,
				21F0E57C1FF2462D002AA057 /* SettingTableViewCell.swift */,
				213FF3652015D1B5002B1D2D /* FontTableViewCell.swift */,
			);
			path = View;
			sourceTree = "<group>";
		};
		210F2F261FAFF41400A87AA6 /* ViewController */ = {
			isa = PBXGroup;
			children = (
				21CC636A1FA805F200B8E491 /* LaunchViewController.swift */,
				215BEF2A1FBC314B007BB452 /* MainViewController.swift */,
				215BEF2F1FBC4590007BB452 /* LeftMenuViewController.swift */,
				2127E26D2022F87600589212 /* RightViewController.swift */,
				21D965ED1FECD2340089D12E /* SettingViewController.swift */,
				2134596B200C3B8C00D41CF9 /* FontViewController.swift */,
				2105AE952020724C003DF0DE /* ThemeViewContoller.swift */,
			);
			path = ViewController;
			sourceTree = "<group>";
		};
		21180DAA2021C41A00B77E40 /* BAlert */ = {
			isa = PBXGroup;
			children = (
				21180DAB2021C41A00B77E40 /* BAlert+NormalShow.swift */,
				21180DAC2021C41A00B77E40 /* BAlert.swift */,
				21180DAD2021C41A00B77E40 /* BAlertConfig.swift */,
				21180DAE2021C41A00B77E40 /* BAlertWindow.swift */,
				21180DAF2021C41A00B77E40 /* UIView+BAlert.swift */,
			);
			path = BAlert;
			sourceTree = "<group>";
		};
		213CD42B1FAB0A32004A5E8F /* Model */ = {
			isa = PBXGroup;
			children = (
				213CD42F1FAB0A90004A5E8F /* UserModel.swift */,
				215AFADA1FC2C43C00D6BD59 /* TelBookModel.swift */,
				21D1B0C31FC3DA55002E4357 /* TimeTelBookModel.swift */,
				21D1B0C71FC3E795002E4357 /* AppModel.swift */,
				21D1B0CE1FC54470002E4357 /* PersonModel.swift */,
				212C0FF21FD114990044EA6C /* DeptModel.swift */,
				2134596D200C3C8000D41CF9 /* UserSettingModel.swift */,
			);
			path = Model;
			sourceTree = "<group>";
		};
		215AFAD71FC2BB8700D6BD59 /* AppToolBox */ = {
			isa = PBXGroup;
			children = (
				211B4E9F1FBEA5060033C793 /* UserDefaults+BBase.swift */,
				215AFAD81FC2BC0400D6BD59 /* AppLoginHelper.swift */,
				2105AE842020529B003DF0DE /* Theme.swift */,
				21180DA82021A2A100B77E40 /* FontCenter.swift */,
				21D1B0CC1FC53999002E4357 /* DBHelper.swift */,
				212CE1121FDE5FC600E786E8 /* pinyin.c */,
				212CE1131FDE5FC600E786E8 /* pinyin.h */,
			);
			path = AppToolBox;
			sourceTree = "<group>";
		};
		215BEF2C1FBC33C2007BB452 /* BSlideMenu */ = {
			isa = PBXGroup;
			children = (
				215BEF2D1FBC3577007BB452 /* BSlideMenuViewController.swift */,
				21CBAE291FBEE299007E4446 /* UIViewController+BSlider.swift */,
			);
			path = BSlideMenu;
			sourceTree = "<group>";
		};
		21B10DE81FB04BD1006257F2 /* BMoya */ = {
			isa = PBXGroup;
			children = (
				21B10DE61FB04BC8006257F2 /* APPAPIManager.swift */,
				21B10DE41FB04BA0006257F2 /* BMoyaNetWorkingManager.swift */,
			);
			path = BMoya;
			sourceTree = "<group>";
		};
		21CC63401FA7294300B8E491 = {
			isa = PBXGroup;
			children = (
				21CC63A31FA9B11600B8E491 /* OC-Swift-Header.h */,
				21CC634B1FA7294300B8E491 /* Fch_Contact */,
				21CC634A1FA7294300B8E491 /* Products */,
				6377FE59EA978C1E0E5CC963 /* Pods */,
				CCADAC4658ABE35DF953D0DB /* Frameworks */,
			);
			sourceTree = "<group>";
		};
		21CC634A1FA7294300B8E491 /* Products */ = {
			isa = PBXGroup;
			children = (
				21CC63491FA7294300B8E491 /* Fch_Contact.app */,
			);
			name = Products;
			sourceTree = "<group>";
		};
		21CC634B1FA7294300B8E491 /* Fch_Contact */ = {
			isa = PBXGroup;
			children = (
				21D1B0C91FC4231B002E4357 /* Fch_Contact.entitlements */,
				210F2F231FAFF38D00A87AA6 /* AppClasses */,
				21CC637C1FA82D1900B8E491 /* Libs */,
				21CC636E1FA8093C00B8E491 /* Resource */,
				21CC63601FA803A800B8E491 /* BBaseClass */,
				21CC63631FA803A800B8E491 /* BTools */,
				21CC634C1FA7294300B8E491 /* AppDelegate.swift */,
				21CC634E1FA7294300B8E491 /* ViewController.swift */,
				21CC63501FA7294300B8E491 /* Main.storyboard */,
				21CC63531FA7294300B8E491 /* Assets.xcassets */,
				21CC63551FA7294300B8E491 /* LaunchScreen.storyboard */,
				21CC63581FA7294300B8E491 /* Info.plist */,
				2105AE90202059F6003DF0DE /* Localizable.strings */,
			);
			path = Fch_Contact;
			sourceTree = "<group>";
		};
		21CC63601FA803A800B8E491 /* BBaseClass */ = {
			isa = PBXGroup;
			children = (
				21CC63611FA803A800B8E491 /* BBaseNavigationViewController.swift */,
				21CC63621FA803A800B8E491 /* BBaseViewController.swift */,
				21CC63741FA80BEE00B8E491 /* BBaseConstant.swift */,
				212C0FEC1FCFB27B0044EA6C /* BBaseTableViewCell.swift */,
			);
			path = BBaseClass;
			sourceTree = "<group>";
		};
		21CC63631FA803A800B8E491 /* BTools */ = {
			isa = PBXGroup;
			children = (
				21CC63641FA803A800B8E491 /* BExtension */,
				21CC63661FA803A800B8E491 /* BUtils */,
			);
			path = BTools;
			sourceTree = "<group>";
		};
		21CC63641FA803A800B8E491 /* BExtension */ = {
			isa = PBXGroup;
			children = (
				21CC639C1FA9AE5500B8E491 /* String+BBase.swift */,
				21CC63651FA803A800B8E491 /* UIView+BBase.swift */,
				210F2F291FAFF5FD00A87AA6 /* UITextFiled+BBase.swift */,
				210F2F2B1FAFF71D00A87AA6 /* Array+BBase.swift */,
				212C0FFC1FD1558B0044EA6C /* UIDevice+BBase.swift */,
				2105AE86202054BF003DF0DE /* UIColor+BBase.swift */,
				2105AE8820205599003DF0DE /* CGFloat+BBase.swift */,
				2105AE93202063F9003DF0DE /* UIImage+BBase.swift */,
			);
			path = BExtension;
			sourceTree = "<group>";
		};
		21CC63661FA803A800B8E491 /* BUtils */ = {
			isa = PBXGroup;
			children = (
				21D1B0CA1FC50F23002E4357 /* BDateTool.swift */,
			);
			path = BUtils;
			sourceTree = "<group>";
		};
		21CC636E1FA8093C00B8E491 /* Resource */ = {
			isa = PBXGroup;
			children = (
			);
			path = Resource;
			sourceTree = "<group>";
		};
		21CC637C1FA82D1900B8E491 /* Libs */ = {
			isa = PBXGroup;
			children = (
				21180DAA2021C41A00B77E40 /* BAlert */,
				215BEF2C1FBC33C2007BB452 /* BSlideMenu */,
				21CC63801FA83B2B00B8E491 /* BHUD */,
				21CC637D1FA82D1900B8E491 /* BNetWorking */,
			);
			path = Libs;
			sourceTree = "<group>";
		};
		21CC637D1FA82D1900B8E491 /* BNetWorking */ = {
			isa = PBXGroup;
			children = (
				21B10DE81FB04BD1006257F2 /* BMoya */,
				21CC637E1FA82D6400B8E491 /* BNetWorkingManager.swift */,
				21B10DE21FB04AD6006257F2 /* HandyJSON+BRXModel.swift */,
				21B10DE91FB062A5006257F2 /* BNetWokingBase.swift */,
			);
			path = BNetWorking;
			sourceTree = "<group>";
		};
		21CC63801FA83B2B00B8E491 /* BHUD */ = {
			isa = PBXGroup;
			children = (
				21CC63811FA83B2B00B8E491 /* BHudContentView.h */,
				21CC63821FA83B2B00B8E491 /* BHudContentView.m */,
				21CC63831FA83B2B00B8E491 /* BHudView.h */,
				21CC63841FA83B2B00B8E491 /* BHudView.m */,
				21CC63851FA83B2B00B8E491 /* HudIndicatorViewStyle */,
				21CC638E1FA83B2B00B8E491 /* images */,
				21CC63901FA83B2B00B8E491 /* UILabel+BAnimation.h */,
				21CC63911FA83B2B00B8E491 /* UILabel+BAnimation.m */,
			);
			path = BHUD;
			sourceTree = "<group>";
		};
		21CC63851FA83B2B00B8E491 /* HudIndicatorViewStyle */ = {
			isa = PBXGroup;
			children = (
				21CC63861FA83B2B00B8E491 /* BCircleLoadingView.h */,
				21CC63871FA83B2B00B8E491 /* BCircleLoadingView.m */,
				21CC63881FA83B2B00B8E491 /* BFchView.h */,
				21CC63891FA83B2B00B8E491 /* BFchView.m */,
				21CC638A1FA83B2B00B8E491 /* BJumpingBarView.h */,
				21CC638B1FA83B2B00B8E491 /* BJumpingBarView.m */,
				21CC638C1FA83B2B00B8E491 /* BLaunchBarView.h */,
				21CC638D1FA83B2B00B8E491 /* BLaunchBarView.m */,
			);
			path = HudIndicatorViewStyle;
			sourceTree = "<group>";
		};
		21CC638E1FA83B2B00B8E491 /* images */ = {
			isa = PBXGroup;
			children = (
				21CC638F1FA83B2B00B8E491 /* img_network_error.png */,
			);
			path = images;
			sourceTree = "<group>";
		};
		6377FE59EA978C1E0E5CC963 /* Pods */ = {
			isa = PBXGroup;
			children = (
				402F35785043CE5C78CF273B /* Pods-Fch_Contact.debug.xcconfig */,
				1ACC8DA08CD14DB85409BD70 /* Pods-Fch_Contact.release.xcconfig */,
			);
			name = Pods;
			sourceTree = "<group>";
		};
		CCADAC4658ABE35DF953D0DB /* Frameworks */ = {
			isa = PBXGroup;
			children = (
				651D7A5CAE649D92089810FE /* Pods_Fch_Contact.framework */,
			);
			name = Frameworks;
			sourceTree = "<group>";
		};
/* End PBXGroup section */

/* Begin PBXNativeTarget section */
		21CC63481FA7294300B8E491 /* Fch_Contact */ = {
			isa = PBXNativeTarget;
			buildConfigurationList = 21CC635B1FA7294300B8E491 /* Build configuration list for PBXNativeTarget "Fch_Contact" */;
			buildPhases = (
				B66C14555F45D4CF9269359D /* [CP] Check Pods Manifest.lock */,
				21CC63451FA7294300B8E491 /* Sources */,
				21CC63461FA7294300B8E491 /* Frameworks */,
				21CC63471FA7294300B8E491 /* Resources */,
				F38D1347DA61C47061B0109B /* [CP] Embed Pods Frameworks */,
				18F01FF1B2BBC2DFEACDC160 /* [CP] Copy Pods Resources */,
			);
			buildRules = (
			);
			dependencies = (
			);
			name = Fch_Contact;
			productName = Fch_Contact;
			productReference = 21CC63491FA7294300B8E491 /* Fch_Contact.app */;
			productType = "com.apple.product-type.application";
		};
/* End PBXNativeTarget section */

/* Begin PBXProject section */
		21CC63411FA7294300B8E491 /* Project object */ = {
			isa = PBXProject;
			attributes = {
				LastSwiftUpdateCheck = 0830;
				LastUpgradeCheck = 0830;
				ORGANIZATIONNAME = "北京仙指信息技术有限公司";
				TargetAttributes = {
					21CC63481FA7294300B8E491 = {
						CreatedOnToolsVersion = 8.3.2;
						DevelopmentTeam = ALEG9GB89Q;
						LastSwiftMigration = 0910;
						ProvisioningStyle = Automatic;
						SystemCapabilities = {
							com.apple.ApplicationGroups.iOS = {
								enabled = 1;
							};
						};
					};
				};
			};
			buildConfigurationList = 21CC63441FA7294300B8E491 /* Build configuration list for PBXProject "Fch_Contact" */;
			compatibilityVersion = "Xcode 3.2";
			developmentRegion = English;
			hasScannedForEncodings = 0;
			knownRegions = (
				en,
				Base,
				"zh-Hans",
			);
			mainGroup = 21CC63401FA7294300B8E491;
			productRefGroup = 21CC634A1FA7294300B8E491 /* Products */;
			projectDirPath = "";
			projectRoot = "";
			targets = (
				21CC63481FA7294300B8E491 /* Fch_Contact */,
			);
		};
/* End PBXProject section */

/* Begin PBXResourcesBuildPhase section */
		21CC63471FA7294300B8E491 /* Resources */ = {
			isa = PBXResourcesBuildPhase;
			buildActionMask = 2147483647;
			files = (
				2105AE8E202059F6003DF0DE /* Localizable.strings in Resources */,
				21CC63981FA83B2B00B8E491 /* img_network_error.png in Resources */,
				21CC63571FA7294300B8E491 /* LaunchScreen.storyboard in Resources */,
				21CC63541FA7294300B8E491 /* Assets.xcassets in Resources */,
				21CC63521FA7294300B8E491 /* Main.storyboard in Resources */,
			);
			runOnlyForDeploymentPostprocessing = 0;
		};
/* End PBXResourcesBuildPhase section */

/* Begin PBXShellScriptBuildPhase section */
		18F01FF1B2BBC2DFEACDC160 /* [CP] Copy Pods Resources */ = {
			isa = PBXShellScriptBuildPhase;
			buildActionMask = 2147483647;
			files = (
			);
			inputPaths = (
			);
			name = "[CP] Copy Pods Resources";
			outputPaths = (
			);
			runOnlyForDeploymentPostprocessing = 0;
			shellPath = /bin/sh;
			shellScript = "\"${SRCROOT}/Pods/Target Support Files/Pods-Fch_Contact/Pods-Fch_Contact-resources.sh\"\n";
			showEnvVarsInLog = 0;
		};
		B66C14555F45D4CF9269359D /* [CP] Check Pods Manifest.lock */ = {
			isa = PBXShellScriptBuildPhase;
			buildActionMask = 2147483647;
			files = (
			);
			inputPaths = (
			);
			name = "[CP] Check Pods Manifest.lock";
			outputPaths = (
			);
			runOnlyForDeploymentPostprocessing = 0;
			shellPath = /bin/sh;
			shellScript = "diff \"${PODS_ROOT}/../Podfile.lock\" \"${PODS_ROOT}/Manifest.lock\" > /dev/null\nif [ $? != 0 ] ; then\n    # print error to STDERR\n    echo \"error: The sandbox is not in sync with the Podfile.lock. Run 'pod install' or update your CocoaPods installation.\" >&2\n    exit 1\nfi\n";
			showEnvVarsInLog = 0;
		};
		F38D1347DA61C47061B0109B /* [CP] Embed Pods Frameworks */ = {
			isa = PBXShellScriptBuildPhase;
			buildActionMask = 2147483647;
			files = (
			);
			inputPaths = (
			);
			name = "[CP] Embed Pods Frameworks";
			outputPaths = (
			);
			runOnlyForDeploymentPostprocessing = 0;
			shellPath = /bin/sh;
			shellScript = "\"${SRCROOT}/Pods/Target Support Files/Pods-Fch_Contact/Pods-Fch_Contact-frameworks.sh\"\n";
			showEnvVarsInLog = 0;
		};
/* End PBXShellScriptBuildPhase section */

/* Begin PBXSourcesBuildPhase section */
		21CC63451FA7294300B8E491 /* Sources */ = {
			isa = PBXSourcesBuildPhase;
			buildActionMask = 2147483647;
			files = (
				212C0FF51FD1161B0044EA6C /* LeftDeptTableViewCell.swift in Sources */,
				21CC63991FA83B2B00B8E491 /* UILabel+BAnimation.m in Sources */,
				2105AE87202054BF003DF0DE /* UIColor+BBase.swift in Sources */,
				21180DB42021C41A00B77E40 /* UIView+BAlert.swift in Sources */,
				2134596C200C3B8C00D41CF9 /* FontViewController.swift in Sources */,
				21D1B0C41FC3DA55002E4357 /* TimeTelBookModel.swift in Sources */,
				21180DB02021C41A00B77E40 /* BAlert+NormalShow.swift in Sources */,
				21F0E57F1FF24673002AA057 /* SettingViewModel.swift in Sources */,
				21CC63681FA803A800B8E491 /* BBaseViewController.swift in Sources */,
				215AFADB1FC2C43C00D6BD59 /* TelBookModel.swift in Sources */,
				21CC63931FA83B2B00B8E491 /* BHudView.m in Sources */,
				21CC636B1FA805F200B8E491 /* LaunchViewController.swift in Sources */,
				21B10DE71FB04BC8006257F2 /* APPAPIManager.swift in Sources */,
				21CC63751FA80BEE00B8E491 /* BBaseConstant.swift in Sources */,
				21CC63671FA803A800B8E491 /* BBaseNavigationViewController.swift in Sources */,
				21B10DE51FB04BA0006257F2 /* BMoyaNetWorkingManager.swift in Sources */,
				211B4EA01FBEA5060033C793 /* UserDefaults+BBase.swift in Sources */,
				212CE1141FDE5FC600E786E8 /* pinyin.c in Sources */,
				210F2F281FAFF43D00A87AA6 /* LaunchViewModel.swift in Sources */,
				21CC63961FA83B2B00B8E491 /* BJumpingBarView.m in Sources */,
				21D1B0C81FC3E795002E4357 /* AppModel.swift in Sources */,
				2134596E200C3C8000D41CF9 /* UserSettingModel.swift in Sources */,
				21B10DEA1FB062A5006257F2 /* BNetWokingBase.swift in Sources */,
				21CC637F1FA82D6400B8E491 /* BNetWorkingManager.swift in Sources */,
				21CC63921FA83B2B00B8E491 /* BHudContentView.m in Sources */,
				21D1B0CD1FC53999002E4357 /* DBHelper.swift in Sources */,
				212C0FF71FD11AB20044EA6C /* LeftMemuViewModel.swift in Sources */,
				21CBAE2A1FBEE299007E4446 /* UIViewController+BSlider.swift in Sources */,
				212C0FE91FCFADD60044EA6C /* MainViewModel.swift in Sources */,
				210F2F2C1FAFF71D00A87AA6 /* Array+BBase.swift in Sources */,
				21180DB12021C41A00B77E40 /* BAlert.swift in Sources */,
				215BEF2B1FBC314B007BB452 /* MainViewController.swift in Sources */,
				21F0E57D1FF2462D002AA057 /* SettingTableViewCell.swift in Sources */,
				212C0FEB1FCFB24C0044EA6C /* MainTableViewCell.swift in Sources */,
				21CC63951FA83B2B00B8E491 /* BFchView.m in Sources */,
				215BEF2E1FBC3577007BB452 /* BSlideMenuViewController.swift in Sources */,
				2105AE962020724C003DF0DE /* ThemeViewContoller.swift in Sources */,
				21D1B0CB1FC50F23002E4357 /* BDateTool.swift in Sources */,
				21D1B0CF1FC54470002E4357 /* PersonModel.swift in Sources */,
				21CC63691FA803A800B8E491 /* UIView+BBase.swift in Sources */,
				21CC63971FA83B2B00B8E491 /* BLaunchBarView.m in Sources */,
				21D965EE1FECD2340089D12E /* SettingViewController.swift in Sources */,
				21B10DE31FB04AD6006257F2 /* HandyJSON+BRXModel.swift in Sources */,
				2105AE852020529B003DF0DE /* Theme.swift in Sources */,
				213FF3662015D1B5002B1D2D /* FontTableViewCell.swift in Sources */,
				2105AE94202063F9003DF0DE /* UIImage+BBase.swift in Sources */,
				21CC634F1FA7294300B8E491 /* ViewController.swift in Sources */,
				210F2F2A1FAFF5FD00A87AA6 /* UITextFiled+BBase.swift in Sources */,
				212C0FF31FD114990044EA6C /* DeptModel.swift in Sources */,
				2127E26E2022F87600589212 /* RightViewController.swift in Sources */,
				21CC639D1FA9AE5500B8E491 /* String+BBase.swift in Sources */,
				212C0FED1FCFB27B0044EA6C /* BBaseTableViewCell.swift in Sources */,
				215BEF301FBC4590007BB452 /* LeftMenuViewController.swift in Sources */,
				21CC634D1FA7294300B8E491 /* AppDelegate.swift in Sources */,
				213CD4301FAB0A90004A5E8F /* UserModel.swift in Sources */,
				21180DB22021C41A00B77E40 /* BAlertConfig.swift in Sources */,
				212C0FFD1FD1558B0044EA6C /* UIDevice+BBase.swift in Sources */,
				21CC63941FA83B2B00B8E491 /* BCircleLoadingView.m in Sources */,
				2105AE8920205599003DF0DE /* CGFloat+BBase.swift in Sources */,
				215AFAD91FC2BC0400D6BD59 /* AppLoginHelper.swift in Sources */,
				212CE1911FE38C6800E786E8 /* RightMenuView.swift in Sources */,
				21180DB32021C41A00B77E40 /* BAlertWindow.swift in Sources */,
				21180DA92021A2A100B77E40 /* FontCenter.swift in Sources */,
				21D965EA1FECAE120089D12E /* RightMenuViewTableViewCell.swift in Sources */,
			);
			runOnlyForDeploymentPostprocessing = 0;
		};
/* End PBXSourcesBuildPhase section */

/* Begin PBXVariantGroup section */
		2105AE90202059F6003DF0DE /* Localizable.strings */ = {
			isa = PBXVariantGroup;
			children = (
				2105AE8F202059F6003DF0DE /* en */,
				2105AE91202059F8003DF0DE /* zh-Hans */,
			);
			name = Localizable.strings;
			sourceTree = "<group>";
		};
		21CC63501FA7294300B8E491 /* Main.storyboard */ = {
			isa = PBXVariantGroup;
			children = (
				21CC63511FA7294300B8E491 /* Base */,
				2105AE8A20205801003DF0DE /* zh-Hans */,
			);
			name = Main.storyboard;
			sourceTree = "<group>";
		};
		21CC63551FA7294300B8E491 /* LaunchScreen.storyboard */ = {
			isa = PBXVariantGroup;
			children = (
				21CC63561FA7294300B8E491 /* Base */,
				2105AE8B20205801003DF0DE /* zh-Hans */,
			);
			name = LaunchScreen.storyboard;
			sourceTree = "<group>";
		};
/* End PBXVariantGroup section */

/* Begin XCBuildConfiguration section */
		21CC63591FA7294300B8E491 /* Debug */ = {
			isa = XCBuildConfiguration;
			buildSettings = {
				ALWAYS_SEARCH_USER_PATHS = NO;
				CLANG_ANALYZER_LOCALIZABILITY_NONLOCALIZED = YES;
				CLANG_ANALYZER_NONNULL = YES;
				CLANG_ANALYZER_NUMBER_OBJECT_CONVERSION = YES_AGGRESSIVE;
				CLANG_CXX_LANGUAGE_STANDARD = "gnu++0x";
				CLANG_CXX_LIBRARY = "libc++";
				CLANG_ENABLE_MODULES = YES;
				CLANG_ENABLE_OBJC_ARC = YES;
				CLANG_WARN_BOOL_CONVERSION = YES;
				CLANG_WARN_CONSTANT_CONVERSION = YES;
				CLANG_WARN_DIRECT_OBJC_ISA_USAGE = YES_ERROR;
				CLANG_WARN_DOCUMENTATION_COMMENTS = YES;
				CLANG_WARN_EMPTY_BODY = YES;
				CLANG_WARN_ENUM_CONVERSION = YES;
				CLANG_WARN_INFINITE_RECURSION = YES;
				CLANG_WARN_INT_CONVERSION = YES;
				CLANG_WARN_OBJC_ROOT_CLASS = YES_ERROR;
				CLANG_WARN_SUSPICIOUS_MOVE = YES;
				CLANG_WARN_UNREACHABLE_CODE = YES;
				CLANG_WARN__DUPLICATE_METHOD_MATCH = YES;
				"CODE_SIGN_IDENTITY[sdk=iphoneos*]" = "iPhone Developer";
				COPY_PHASE_STRIP = NO;
				DEBUG_INFORMATION_FORMAT = dwarf;
				ENABLE_STRICT_OBJC_MSGSEND = YES;
				ENABLE_TESTABILITY = YES;
				GCC_C_LANGUAGE_STANDARD = gnu99;
				GCC_DYNAMIC_NO_PIC = NO;
				GCC_NO_COMMON_BLOCKS = YES;
				GCC_OPTIMIZATION_LEVEL = 0;
				GCC_PREPROCESSOR_DEFINITIONS = (
					"DEBUG=1",
					"$(inherited)",
				);
				GCC_WARN_64_TO_32_BIT_CONVERSION = YES;
				GCC_WARN_ABOUT_RETURN_TYPE = YES_ERROR;
				GCC_WARN_UNDECLARED_SELECTOR = YES;
				GCC_WARN_UNINITIALIZED_AUTOS = YES_AGGRESSIVE;
				GCC_WARN_UNUSED_FUNCTION = YES;
				GCC_WARN_UNUSED_VARIABLE = YES;
				IPHONEOS_DEPLOYMENT_TARGET = 8.0;
				MTL_ENABLE_DEBUG_INFO = YES;
				ONLY_ACTIVE_ARCH = YES;
				SDKROOT = iphoneos;
				SWIFT_ACTIVE_COMPILATION_CONDITIONS = DEBUG;
				SWIFT_OPTIMIZATION_LEVEL = "-Onone";
				SWIFT_VERSION = "";
			};
			name = Debug;
		};
		21CC635A1FA7294300B8E491 /* Release */ = {
			isa = XCBuildConfiguration;
			buildSettings = {
				ALWAYS_SEARCH_USER_PATHS = NO;
				CLANG_ANALYZER_LOCALIZABILITY_NONLOCALIZED = YES;
				CLANG_ANALYZER_NONNULL = YES;
				CLANG_ANALYZER_NUMBER_OBJECT_CONVERSION = YES_AGGRESSIVE;
				CLANG_CXX_LANGUAGE_STANDARD = "gnu++0x";
				CLANG_CXX_LIBRARY = "libc++";
				CLANG_ENABLE_MODULES = YES;
				CLANG_ENABLE_OBJC_ARC = YES;
				CLANG_WARN_BOOL_CONVERSION = YES;
				CLANG_WARN_CONSTANT_CONVERSION = YES;
				CLANG_WARN_DIRECT_OBJC_ISA_USAGE = YES_ERROR;
				CLANG_WARN_DOCUMENTATION_COMMENTS = YES;
				CLANG_WARN_EMPTY_BODY = YES;
				CLANG_WARN_ENUM_CONVERSION = YES;
				CLANG_WARN_INFINITE_RECURSION = YES;
				CLANG_WARN_INT_CONVERSION = YES;
				CLANG_WARN_OBJC_ROOT_CLASS = YES_ERROR;
				CLANG_WARN_SUSPICIOUS_MOVE = YES;
				CLANG_WARN_UNREACHABLE_CODE = YES;
				CLANG_WARN__DUPLICATE_METHOD_MATCH = YES;
				"CODE_SIGN_IDENTITY[sdk=iphoneos*]" = "iPhone Developer";
				COPY_PHASE_STRIP = NO;
				DEBUG_INFORMATION_FORMAT = "dwarf-with-dsym";
				ENABLE_NS_ASSERTIONS = NO;
				ENABLE_STRICT_OBJC_MSGSEND = YES;
				GCC_C_LANGUAGE_STANDARD = gnu99;
				GCC_NO_COMMON_BLOCKS = YES;
				GCC_WARN_64_TO_32_BIT_CONVERSION = YES;
				GCC_WARN_ABOUT_RETURN_TYPE = YES_ERROR;
				GCC_WARN_UNDECLARED_SELECTOR = YES;
				GCC_WARN_UNINITIALIZED_AUTOS = YES_AGGRESSIVE;
				GCC_WARN_UNUSED_FUNCTION = YES;
				GCC_WARN_UNUSED_VARIABLE = YES;
				IPHONEOS_DEPLOYMENT_TARGET = 8.0;
				MTL_ENABLE_DEBUG_INFO = NO;
				SDKROOT = iphoneos;
				SWIFT_OPTIMIZATION_LEVEL = "-Owholemodule";
				SWIFT_VERSION = "";
				VALIDATE_PRODUCT = YES;
			};
			name = Release;
		};
		21CC635C1FA7294300B8E491 /* Debug */ = {
			isa = XCBuildConfiguration;
			baseConfigurationReference = 402F35785043CE5C78CF273B /* Pods-Fch_Contact.debug.xcconfig */;
			buildSettings = {
				ASSETCATALOG_COMPILER_APPICON_NAME = AppIcon;
				ASSETCATALOG_COMPILER_LAUNCHIMAGE_NAME = LaunchImage;
				CODE_SIGN_ENTITLEMENTS = Fch_Contact/Fch_Contact.entitlements;
				"CODE_SIGN_IDENTITY[sdk=iphoneos*]" = "iPhone Developer";
				DEVELOPMENT_TEAM = ALEG9GB89Q;
				INFOPLIST_FILE = Fch_Contact/Info.plist;
				IPHONEOS_DEPLOYMENT_TARGET = 8.0;
				LD_RUNPATH_SEARCH_PATHS = "$(inherited) @executable_path/Frameworks";
				PRODUCT_BUNDLE_IDENTIFIER = com.xianzhi.contact;
				PRODUCT_NAME = "$(TARGET_NAME)";
				PROVISIONING_PROFILE = "";
				PROVISIONING_PROFILE_SPECIFIER = "";
				SWIFT_OBJC_BRIDGING_HEADER = "$(SRCROOT)/OC-Swift-Header.h";
				SWIFT_SWIFT3_OBJC_INFERENCE = On;
				SWIFT_VERSION = 4.0;
			};
			name = Debug;
		};
		21CC635D1FA7294300B8E491 /* Release */ = {
			isa = XCBuildConfiguration;
			baseConfigurationReference = 1ACC8DA08CD14DB85409BD70 /* Pods-Fch_Contact.release.xcconfig */;
			buildSettings = {
				ASSETCATALOG_COMPILER_APPICON_NAME = AppIcon;
				ASSETCATALOG_COMPILER_LAUNCHIMAGE_NAME = LaunchImage;
				CODE_SIGN_ENTITLEMENTS = Fch_Contact/Fch_Contact.entitlements;
				"CODE_SIGN_IDENTITY[sdk=iphoneos*]" = "iPhone Developer";
				DEVELOPMENT_TEAM = ALEG9GB89Q;
				INFOPLIST_FILE = Fch_Contact/Info.plist;
				IPHONEOS_DEPLOYMENT_TARGET = 8.0;
				LD_RUNPATH_SEARCH_PATHS = "$(inherited) @executable_path/Frameworks";
				PRODUCT_BUNDLE_IDENTIFIER = com.xianzhi.contact;
				PRODUCT_NAME = "$(TARGET_NAME)";
				PROVISIONING_PROFILE = "";
				PROVISIONING_PROFILE_SPECIFIER = "";
				SWIFT_OBJC_BRIDGING_HEADER = "$(SRCROOT)/OC-Swift-Header.h";
				SWIFT_SWIFT3_OBJC_INFERENCE = On;
				SWIFT_VERSION = 4.0;
			};
			name = Release;
		};
/* End XCBuildConfiguration section */

/* Begin XCConfigurationList section */
		21CC63441FA7294300B8E491 /* Build configuration list for PBXProject "Fch_Contact" */ = {
			isa = XCConfigurationList;
			buildConfigurations = (
				21CC63591FA7294300B8E491 /* Debug */,
				21CC635A1FA7294300B8E491 /* Release */,
			);
			defaultConfigurationIsVisible = 0;
			defaultConfigurationName = Release;
		};
		21CC635B1FA7294300B8E491 /* Build configuration list for PBXNativeTarget "Fch_Contact" */ = {
			isa = XCConfigurationList;
			buildConfigurations = (
				21CC635C1FA7294300B8E491 /* Debug */,
				21CC635D1FA7294300B8E491 /* Release */,
			);
			defaultConfigurationIsVisible = 0;
			defaultConfigurationName = Release;
		};
/* End XCConfigurationList section */
	};
	rootObject = 21CC63411FA7294300B8E491 /* Project object */;
}
