// !$*UTF8*$!
{
	archiveVersion = 1;
	classes = {
	};
	objectVersion = 50;
	objects = {

/* Begin PBXBuildFile section */
		21F57B4522A0B6DC00E9BC8E /* AppDelegate.swift in Sources */ = {isa = PBXBuildFile; fileRef = 21F57B4422A0B6DC00E9BC8E /* AppDelegate.swift */; };
		21F57B4722A0B6DC00E9BC8E /* ViewController.swift in Sources */ = {isa = PBXBuildFile; fileRef = 21F57B4622A0B6DC00E9BC8E /* ViewController.swift */; };
		21F57B4A22A0B6DC00E9BC8E /* Main.storyboard in Resources */ = {isa = PBXBuildFile; fileRef = 21F57B4822A0B6DC00E9BC8E /* Main.storyboard */; };
		21F57B4C22A0B6DD00E9BC8E /* Assets.xcassets in Resources */ = {isa = PBXBuildFile; fileRef = 21F57B4B22A0B6DD00E9BC8E /* Assets.xcassets */; };
		21F57B4F22A0B6DD00E9BC8E /* LaunchScreen.storyboard in Resources */ = {isa = PBXBuildFile; fileRef = 21F57B4D22A0B6DD00E9BC8E /* LaunchScreen.storyboard */; };
		21F57B5922A0F78B00E9BC8E /* Product.swift in Sources */ = {isa = PBXBuildFile; fileRef = 21F57B5822A0F78B00E9BC8E /* Product.swift */; };
		21F57B5B22A0F7A300E9BC8E /* CachePool.swift in Sources */ = {isa = PBXBuildFile; fileRef = 21F57B5A22A0F7A300E9BC8E /* CachePool.swift */; };
/* End PBXBuildFile section */

/* Begin PBXFileReference section */
		21F57B4122A0B6DC00E9BC8E /* GCDDemo.app */ = {isa = PBXFileReference; explicitFileType = wrapper.application; includeInIndex = 0; path = GCDDemo.app; sourceTree = BUILT_PRODUCTS_DIR; };
		21F57B4422A0B6DC00E9BC8E /* AppDelegate.swift */ = {isa = PBXFileReference; lastKnownFileType = sourcecode.swift; path = AppDelegate.swift; sourceTree = "<group>"; };
		21F57B4622A0B6DC00E9BC8E /* ViewController.swift */ = {isa = PBXFileReference; lastKnownFileType = sourcecode.swift; path = ViewController.swift; sourceTree = "<group>"; };
		21F57B4922A0B6DC00E9BC8E /* Base */ = {isa = PBXFileReference; lastKnownFileType = file.storyboard; name = Base; path = Base.lproj/Main.storyboard; sourceTree = "<group>"; };
		21F57B4B22A0B6DD00E9BC8E /* Assets.xcassets */ = {isa = PBXFileReference; lastKnownFileType = folder.assetcatalog; path = Assets.xcassets; sourceTree = "<group>"; };
		21F57B4E22A0B6DD00E9BC8E /* Base */ = {isa = PBXFileReference; lastKnownFileType = file.storyboard; name = Base; path = Base.lproj/LaunchScreen.storyboard; sourceTree = "<group>"; };
		21F57B5022A0B6DD00E9BC8E /* Info.plist */ = {isa = PBXFileReference; lastKnownFileType = text.plist.xml; path = Info.plist; sourceTree = "<group>"; };
		21F57B5822A0F78B00E9BC8E /* Product.swift */ = {isa = PBXFileReference; lastKnownFileType = sourcecode.swift; path = Product.swift; sourceTree = "<group>"; };
		21F57B5A22A0F7A300E9BC8E /* CachePool.swift */ = {isa = PBXFileReference; lastKnownFileType = sourcecode.swift; path = CachePool.swift; sourceTree = "<group>"; };
/* End PBXFileReference section */

/* Begin PBXFrameworksBuildPhase section */
		21F57B3E22A0B6DC00E9BC8E /* Frameworks */ = {
			isa = PBXFrameworksBuildPhase;
			buildActionMask = 2147483647;
			files = (
			);
			runOnlyForDeploymentPostprocessing = 0;
		};
/* End PBXFrameworksBuildPhase section */

/* Begin PBXGroup section */
		21F57B3822A0B6DC00E9BC8E = {
			isa = PBXGroup;
			children = (
				21F57B4322A0B6DC00E9BC8E /* GCDDemo */,
				21F57B4222A0B6DC00E9BC8E /* Products */,
			);
			sourceTree = "<group>";
		};
		21F57B4222A0B6DC00E9BC8E /* Products */ = {
			isa = PBXGroup;
			children = (
				21F57B4122A0B6DC00E9BC8E /* GCDDemo.app */,
			);
			name = Products;
			sourceTree = "<group>";
		};
		21F57B4322A0B6DC00E9BC8E /* GCDDemo */ = {
			isa = PBXGroup;
			children = (
				21F57B4422A0B6DC00E9BC8E /* AppDelegate.swift */,
				21F57B4622A0B6DC00E9BC8E /* ViewController.swift */,
				21F57B4822A0B6DC00E9BC8E /* Main.storyboard */,
				21F57B4B22A0B6DD00E9BC8E /* Assets.xcassets */,
				21F57B4D22A0B6DD00E9BC8E /* LaunchScreen.storyboard */,
				21F57B5022A0B6DD00E9BC8E /* Info.plist */,
				21F57B5822A0F78B00E9BC8E /* Product.swift */,
				21F57B5A22A0F7A300E9BC8E /* CachePool.swift */,
			);
			path = GCDDemo;
			sourceTree = "<group>";
		};
/* End PBXGroup section */

/* Begin PBXNativeTarget section */
		21F57B4022A0B6DC00E9BC8E /* GCDDemo */ = {
			isa = PBXNativeTarget;
			buildConfigurationList = 21F57B5322A0B6DD00E9BC8E /* Build configuration list for PBXNativeTarget "GCDDemo" */;
			buildPhases = (
				21F57B3D22A0B6DC00E9BC8E /* Sources */,
				21F57B3E22A0B6DC00E9BC8E /* Frameworks */,
				21F57B3F22A0B6DC00E9BC8E /* Resources */,
			);
			buildRules = (
			);
			dependencies = (
			);
			name = GCDDemo;
			productName = GCDDemo;
			productReference = 21F57B4122A0B6DC00E9BC8E /* GCDDemo.app */;
			productType = "com.apple.product-type.application";
		};
/* End PBXNativeTarget section */

/* Begin PBXProject section */
		21F57B3922A0B6DC00E9BC8E /* Project object */ = {
			isa = PBXProject;
			attributes = {
				LastSwiftUpdateCheck = 1020;
				LastUpgradeCheck = 1020;
				ORGANIZATIONNAME = "北京仙指信息技术有限公司";
				TargetAttributes = {
					21F57B4022A0B6DC00E9BC8E = {
						CreatedOnToolsVersion = 10.2.1;
					};
				};
			};
			buildConfigurationList = 21F57B3C22A0B6DC00E9BC8E /* Build configuration list for PBXProject "GCDDemo" */;
			compatibilityVersion = "Xcode 9.3";
			developmentRegion = en;
			hasScannedForEncodings = 0;
			knownRegions = (
				en,
				Base,
			);
			mainGroup = 21F57B3822A0B6DC00E9BC8E;
			productRefGroup = 21F57B4222A0B6DC00E9BC8E /* Products */;
			projectDirPath = "";
			projectRoot = "";
			targets = (
				21F57B4022A0B6DC00E9BC8E /* GCDDemo */,
			);
		};
/* End PBXProject section */

/* Begin PBXResourcesBuildPhase section */
		21F57B3F22A0B6DC00E9BC8E /* Resources */ = {
			isa = PBXResourcesBuildPhase;
			buildActionMask = 2147483647;
			files = (
				21F57B4F22A0B6DD00E9BC8E /* LaunchScreen.storyboard in Resources */,
				21F57B4C22A0B6DD00E9BC8E /* Assets.xcassets in Resources */,
				21F57B4A22A0B6DC00E9BC8E /* Main.storyboard in Resources */,
			);
			runOnlyForDeploymentPostprocessing = 0;
		};
/* End PBXResourcesBuildPhase section */

/* Begin PBXSourcesBuildPhase section */
		21F57B3D22A0B6DC00E9BC8E /* Sources */ = {
			isa = PBXSourcesBuildPhase;
			buildActionMask = 2147483647;
			files = (
				21F57B5B22A0F7A300E9BC8E /* CachePool.swift in Sources */,
				21F57B4722A0B6DC00E9BC8E /* ViewController.swift in Sources */,
				21F57B4522A0B6DC00E9BC8E /* AppDelegate.swift in Sources */,
				21F57B5922A0F78B00E9BC8E /* Product.swift in Sources */,
			);
			runOnlyForDeploymentPostprocessing = 0;
		};
/* End PBXSourcesBuildPhase section */

/* Begin PBXVariantGroup section */
		21F57B4822A0B6DC00E9BC8E /* Main.storyboard */ = {
			isa = PBXVariantGroup;
			children = (
				21F57B4922A0B6DC00E9BC8E /* Base */,
			);
			name = Main.storyboard;
			sourceTree = "<group>";
		};
		21F57B4D22A0B6DD00E9BC8E /* LaunchScreen.storyboard */ = {
			isa = PBXVariantGroup;
			children = (
				21F57B4E22A0B6DD00E9BC8E /* Base */,
			);
			name = LaunchScreen.storyboard;
			sourceTree = "<group>";
		};
/* End PBXVariantGroup section */

/* Begin XCBuildConfiguration section */
		21F57B5122A0B6DD00E9BC8E /* Debug */ = {
			isa = XCBuildConfiguration;
			buildSettings = {
				ALWAYS_SEARCH_USER_PATHS = NO;
				CLANG_ANALYZER_NONNULL = YES;
				CLANG_ANALYZER_NUMBER_OBJECT_CONVERSION = YES_AGGRESSIVE;
				CLANG_CXX_LANGUAGE_STANDARD = "gnu++14";
				CLANG_CXX_LIBRARY = "libc++";
				CLANG_ENABLE_MODULES = YES;
				CLANG_ENABLE_OBJC_ARC = YES;
				CLANG_ENABLE_OBJC_WEAK = YES;
				CLANG_WARN_BLOCK_CAPTURE_AUTORELEASING = YES;
				CLANG_WARN_BOOL_CONVERSION = YES;
				CLANG_WARN_COMMA = YES;
				CLANG_WARN_CONSTANT_CONVERSION = YES;
				CLANG_WARN_DEPRECATED_OBJC_IMPLEMENTATIONS = YES;
				CLANG_WARN_DIRECT_OBJC_ISA_USAGE = YES_ERROR;
				CLANG_WARN_DOCUMENTATION_COMMENTS = YES;
				CLANG_WARN_EMPTY_BODY = YES;
				CLANG_WARN_ENUM_CONVERSION = YES;
				CLANG_WARN_INFINITE_RECURSION = YES;
				CLANG_WARN_INT_CONVERSION = YES;
				CLANG_WARN_NON_LITERAL_NULL_CONVERSION = YES;
				CLANG_WARN_OBJC_IMPLICIT_RETAIN_SELF = YES;
				CLANG_WARN_OBJC_LITERAL_CONVERSION = YES;
				CLANG_WARN_OBJC_ROOT_CLASS = YES_ERROR;
				CLANG_WARN_RANGE_LOOP_ANALYSIS = YES;
				CLANG_WARN_STRICT_PROTOTYPES = YES;
				CLANG_WARN_SUSPICIOUS_MOVE = YES;
				CLANG_WARN_UNGUARDED_AVAILABILITY = YES_AGGRESSIVE;
				CLANG_WARN_UNREACHABLE_CODE = YES;
				CLANG_WARN__DUPLICATE_METHOD_MATCH = YES;
				CODE_SIGN_IDENTITY = "iPhone Developer";
				COPY_PHASE_STRIP = NO;
				DEBUG_INFORMATION_FORMAT = dwarf;
				ENABLE_STRICT_OBJC_MSGSEND = YES;
				ENABLE_TESTABILITY = YES;
				GCC_C_LANGUAGE_STANDARD = gnu11;
				GCC_DYNAMIC_NO_PIC = NO;
				GCC_NO_COMMON_BLOCKS = YES;
				GCC_OPTIMIZATION_LEVEL = 0;
				GCC_PREPROCESSOR_DEFINITIONS = (
					"DEBUG=1",
					"$(inherited)",
				);
				GCC_WARN_64_TO_32_BIT_CONVERSION = YES;
				GCC_WARN_ABOUT_RETURN_TYPE = YES_ERROR;
				GCC_WARN_UNDECLARED_SELECTOR = YES;
				GCC_WARN_UNINITIALIZED_AUTOS = YES_AGGRESSIVE;
				GCC_WARN_UNUSED_FUNCTION = YES;
				GCC_WARN_UNUSED_VARIABLE = YES;
				IPHONEOS_DEPLOYMENT_TARGET = 12.2;
				MTL_ENABLE_DEBUG_INFO = INCLUDE_SOURCE;
				MTL_FAST_MATH = YES;
				ONLY_ACTIVE_ARCH = YES;
				SDKROOT = iphoneos;
				SWIFT_ACTIVE_COMPILATION_CONDITIONS = DEBUG;
				SWIFT_OPTIMIZATION_LEVEL = "-Onone";
			};
			name = Debug;
		};
		21F57B5222A0B6DD00E9BC8E /* Release */ = {
			isa = XCBuildConfiguration;
			buildSettings = {
				ALWAYS_SEARCH_USER_PATHS = NO;
				CLANG_ANALYZER_NONNULL = YES;
				CLANG_ANALYZER_NUMBER_OBJECT_CONVERSION = YES_AGGRESSIVE;
				CLANG_CXX_LANGUAGE_STANDARD = "gnu++14";
				CLANG_CXX_LIBRARY = "libc++";
				CLANG_ENABLE_MODULES = YES;
				CLANG_ENABLE_OBJC_ARC = YES;
				CLANG_ENABLE_OBJC_WEAK = YES;
				CLANG_WARN_BLOCK_CAPTURE_AUTORELEASING = YES;
				CLANG_WARN_BOOL_CONVERSION = YES;
				CLANG_WARN_COMMA = YES;
				CLANG_WARN_CONSTANT_CONVERSION = YES;
				CLANG_WARN_DEPRECATED_OBJC_IMPLEMENTATIONS = YES;
				CLANG_WARN_DIRECT_OBJC_ISA_USAGE = YES_ERROR;
				CLANG_WARN_DOCUMENTATION_COMMENTS = YES;
				CLANG_WARN_EMPTY_BODY = YES;
				CLANG_WARN_ENUM_CONVERSION = YES;
				CLANG_WARN_INFINITE_RECURSION = YES;
				CLANG_WARN_INT_CONVERSION = YES;
				CLANG_WARN_NON_LITERAL_NULL_CONVERSION = YES;
				CLANG_WARN_OBJC_IMPLICIT_RETAIN_SELF = YES;
				CLANG_WARN_OBJC_LITERAL_CONVERSION = YES;
				CLANG_WARN_OBJC_ROOT_CLASS = YES_ERROR;
				CLANG_WARN_RANGE_LOOP_ANALYSIS = YES;
				CLANG_WARN_STRICT_PROTOTYPES = YES;
				CLANG_WARN_SUSPICIOUS_MOVE = YES;
				CLANG_WARN_UNGUARDED_AVAILABILITY = YES_AGGRESSIVE;
				CLANG_WARN_UNREACHABLE_CODE = YES;
				CLANG_WARN__DUPLICATE_METHOD_MATCH = YES;
				CODE_SIGN_IDENTITY = "iPhone Developer";
				COPY_PHASE_STRIP = NO;
				DEBUG_INFORMATION_FORMAT = "dwarf-with-dsym";
				ENABLE_NS_ASSERTIONS = NO;
				ENABLE_STRICT_OBJC_MSGSEND = YES;
				GCC_C_LANGUAGE_STANDARD = gnu11;
				GCC_NO_COMMON_BLOCKS = YES;
				GCC_WARN_64_TO_32_BIT_CONVERSION = YES;
				GCC_WARN_ABOUT_RETURN_TYPE = YES_ERROR;
				GCC_WARN_UNDECLARED_SELECTOR = YES;
				GCC_WARN_UNINITIALIZED_AUTOS = YES_AGGRESSIVE;
				GCC_WARN_UNUSED_FUNCTION = YES;
				GCC_WARN_UNUSED_VARIABLE = YES;
				IPHONEOS_DEPLOYMENT_TARGET = 12.2;
				MTL_ENABLE_DEBUG_INFO = NO;
				MTL_FAST_MATH = YES;
				SDKROOT = iphoneos;
				SWIFT_COMPILATION_MODE = wholemodule;
				SWIFT_OPTIMIZATION_LEVEL = "-O";
				VALIDATE_PRODUCT = YES;
			};
			name = Release;
		};
		21F57B5422A0B6DD00E9BC8E /* Debug */ = {
			isa = XCBuildConfiguration;
			buildSettings = {
				ASSETCATALOG_COMPILER_APPICON_NAME = AppIcon;
				CODE_SIGN_STYLE = Automatic;
				DEVELOPMENT_TEAM = ALEG9GB89Q;
				INFOPLIST_FILE = GCDDemo/Info.plist;
				LD_RUNPATH_SEARCH_PATHS = (
					"$(inherited)",
					"@executable_path/Frameworks",
				);
				PRODUCT_BUNDLE_IDENTIFIER = com.xianzhi.www.GCDDemo;
				PRODUCT_NAME = "$(TARGET_NAME)";
				SWIFT_VERSION = 5.0;
				TARGETED_DEVICE_FAMILY = "1,2";
			};
			name = Debug;
		};
		21F57B5522A0B6DD00E9BC8E /* Release */ = {
			isa = XCBuildConfiguration;
			buildSettings = {
				ASSETCATALOG_COMPILER_APPICON_NAME = AppIcon;
				CODE_SIGN_STYLE = Automatic;
				DEVELOPMENT_TEAM = ALEG9GB89Q;
				INFOPLIST_FILE = GCDDemo/Info.plist;
				LD_RUNPATH_SEARCH_PATHS = (
					"$(inherited)",
					"@executable_path/Frameworks",
				);
				PRODUCT_BUNDLE_IDENTIFIER = com.xianzhi.www.GCDDemo;
				PRODUCT_NAME = "$(TARGET_NAME)";
				SWIFT_VERSION = 5.0;
				TARGETED_DEVICE_FAMILY = "1,2";
			};
			name = Release;
		};
/* End XCBuildConfiguration section */

/* Begin XCConfigurationList section */
		21F57B3C22A0B6DC00E9BC8E /* Build configuration list for PBXProject "GCDDemo" */ = {
			isa = XCConfigurationList;
			buildConfigurations = (
				21F57B5122A0B6DD00E9BC8E /* Debug */,
				21F57B5222A0B6DD00E9BC8E /* Release */,
			);
			defaultConfigurationIsVisible = 0;
			defaultConfigurationName = Release;
		};
		21F57B5322A0B6DD00E9BC8E /* Build configuration list for PBXNativeTarget "GCDDemo" */ = {
			isa = XCConfigurationList;
			buildConfigurations = (
				21F57B5422A0B6DD00E9BC8E /* Debug */,
				21F57B5522A0B6DD00E9BC8E /* Release */,
			);
			defaultConfigurationIsVisible = 0;
			defaultConfigurationName = Release;
		};
/* End XCConfigurationList section */
	};
	rootObject = 21F57B3922A0B6DC00E9BC8E /* Project object */;
}
